
Microsoft Visual Studio Solution File, Format Version 12.00
# Visual Studio 15
VisualStudioVersion = 15.0.28307.489
MinimumVisualStudioVersion = 10.0.40219.1
Project("{FAE04EC0-301F-11D3-BF4B-00C04F79EFBC}") = "ProjetoFinal", "ProjetoFinal\ProjetoFinal.csproj", "{9BBCC9F1-4394-4F1D-821A-AEAEC910B4A3}"
EndProject
Global
	GlobalSection(SolutionConfigurationPlatforms) = preSolution
		Debug|Any CPU = Debug|Any CPU
		Release|Any CPU = Release|Any CPU
	EndGlobalSection
	GlobalSection(ProjectConfigurationPlatforms) = postSolution
		{9BBCC9F1-4394-4F1D-821A-AEAEC910B4A3}.Debug|Any CPU.ActiveCfg = Debug|Any CPU
		{9BBCC9F1-4394-4F1D-821A-AEAEC910B4A3}.Debug|Any CPU.Build.0 = Debug|Any CPU
		{9BBCC9F1-4394-4F1D-821A-AEAEC910B4A3}.Release|Any CPU.ActiveCfg = Release|Any CPU
		{9BBCC9F1-4394-4F1D-821A-AEAEC910B4A3}.Release|Any CPU.Build.0 = Release|Any CPU
	EndGlobalSection
	GlobalSection(SolutionProperties) = preSolution
		HideSolutionNode = FALSE
	EndGlobalSection
	GlobalSection(ExtensibilityGlobals) = postSolution
		SolutionGuid = {903A4540-70B6-4E48-A36A-A0CBBC7CA66F}
	EndGlobalSection
EndGlobal
